
Microsoft Visual Studio Solution File, Format Version 12.00
# Visual Studio Version 16
VisualStudioVersion = 16.0.31515.178
MinimumVisualStudioVersion = 10.0.40219.1
Project("{FAE04EC0-301F-11D3-BF4B-00C04F79EFBC}") = "Site", "WebMotors\Site.csproj", "{B2335736-4F05-4086-BEA1-F33930163B6C}"
EndProject
Project("{2150E333-8FDC-42A3-9474-1A3956D46DE8}") = "2. Service", "2. Service", "{ADF45BDA-E34D-4D30-BA09-0EE66A6A3FE5}"
EndProject
Project("{2150E333-8FDC-42A3-9474-1A3956D46DE8}") = "1. Web", "1. Web", "{AC34E993-49C2-4362-B9A6-2527AF0F0894}"
EndProject
Project("{2150E333-8FDC-42A3-9474-1A3956D46DE8}") = "4. Infra", "4. Infra", "{B9CAD410-1B02-4AF4-AABD-5206972D6724}"
EndProject
Project("{FAE04EC0-301F-11D3-BF4B-00C04F79EFBC}") = "Service", "Service\Service.csproj", "{6714B306-F015-47BD-8BDF-82B6F169FCE9}"
EndProject
Project("{FAE04EC0-301F-11D3-BF4B-00C04F79EFBC}") = "Service.Model", "Service.Model\Service.Model.csproj", "{8DDD9658-7145-409B-A49A-7D66F1FA4323}"
EndProject
Project("{2150E333-8FDC-42A3-9474-1A3956D46DE8}") = "3. Domain", "3. Domain", "{36385A94-0497-4A17-B55D-27EEEFEE81A9}"
EndProject
Project("{FAE04EC0-301F-11D3-BF4B-00C04F79EFBC}") = "Domain", "Domain\Domain.csproj", "{AFE28710-0BBB-462D-8EEA-7F9720604F19}"
EndProject
Project("{2150E333-8FDC-42A3-9474-1A3956D46DE8}") = "5. Data", "5. Data", "{3E497E5C-AE3F-4939-9D1C-13258351E360}"
EndProject
Project("{FAE04EC0-301F-11D3-BF4B-00C04F79EFBC}") = "Infra.Provider", "Infra.Provider\Infra.Provider.csproj", "{08CE91A2-8730-4D8D-B3AC-C2D3AB4549E0}"
EndProject
Project("{FAE04EC0-301F-11D3-BF4B-00C04F79EFBC}") = "Infra.Provider.DesafioOnLine", "Infra.Provider.DesafioOnLine\Infra.Provider.DesafioOnLine.csproj", "{0FE26BFA-FBE5-48B6-A3BD-C4C58F986433}"
EndProject
Project("{FAE04EC0-301F-11D3-BF4B-00C04F79EFBC}") = "Data.Cache", "Data.Cache\Data.Cache.csproj", "{D8AA4401-7171-47E4-B383-0BB4D8BFB940}"
EndProject
Project("{FAE04EC0-301F-11D3-BF4B-00C04F79EFBC}") = "Data.SqlServer", "Data.SqlServer\Data.SqlServer.csproj", "{77412EE6-B65E-408D-99F3-5826EFE44B25}"
EndProject
Project("{2150E333-8FDC-42A3-9474-1A3956D46DE8}") = "6. CrossCutting", "6. CrossCutting", "{18465E8C-C296-4100-9932-3EE6180F7235}"
EndProject
Project("{FAE04EC0-301F-11D3-BF4B-00C04F79EFBC}") = "CrossCutting", "CrossCutting\CrossCutting.csproj", "{3D1CDC42-6D66-4EA9-B832-F2D5832E9A30}"
EndProject
Project("{2150E333-8FDC-42A3-9474-1A3956D46DE8}") = "7. Test", "7. Test", "{500E39E2-F1B4-4748-8E18-F71679D5F277}"
EndProject
Project("{FAE04EC0-301F-11D3-BF4B-00C04F79EFBC}") = "Test", "Test\Test.csproj", "{88070668-347A-4853-9BC9-A35B8C25BF3E}"
EndProject
Global
	GlobalSection(SolutionConfigurationPlatforms) = preSolution
		Debug|Any CPU = Debug|Any CPU
		Release|Any CPU = Release|Any CPU
	EndGlobalSection
	GlobalSection(ProjectConfigurationPlatforms) = postSolution
		{B2335736-4F05-4086-BEA1-F33930163B6C}.Debug|Any CPU.ActiveCfg = Debug|Any CPU
		{B2335736-4F05-4086-BEA1-F33930163B6C}.Debug|Any CPU.Build.0 = Debug|Any CPU
		{B2335736-4F05-4086-BEA1-F33930163B6C}.Release|Any CPU.ActiveCfg = Release|Any CPU
		{B2335736-4F05-4086-BEA1-F33930163B6C}.Release|Any CPU.Build.0 = Release|Any CPU
		{6714B306-F015-47BD-8BDF-82B6F169FCE9}.Debug|Any CPU.ActiveCfg = Debug|Any CPU
		{6714B306-F015-47BD-8BDF-82B6F169FCE9}.Debug|Any CPU.Build.0 = Debug|Any CPU
		{6714B306-F015-47BD-8BDF-82B6F169FCE9}.Release|Any CPU.ActiveCfg = Release|Any CPU
		{6714B306-F015-47BD-8BDF-82B6F169FCE9}.Release|Any CPU.Build.0 = Release|Any CPU
		{8DDD9658-7145-409B-A49A-7D66F1FA4323}.Debug|Any CPU.ActiveCfg = Debug|Any CPU
		{8DDD9658-7145-409B-A49A-7D66F1FA4323}.Debug|Any CPU.Build.0 = Debug|Any CPU
		{8DDD9658-7145-409B-A49A-7D66F1FA4323}.Release|Any CPU.ActiveCfg = Release|Any CPU
		{8DDD9658-7145-409B-A49A-7D66F1FA4323}.Release|Any CPU.Build.0 = Release|Any CPU
		{AFE28710-0BBB-462D-8EEA-7F9720604F19}.Debug|Any CPU.ActiveCfg = Debug|Any CPU
		{AFE28710-0BBB-462D-8EEA-7F9720604F19}.Debug|Any CPU.Build.0 = Debug|Any CPU
		{AFE28710-0BBB-462D-8EEA-7F9720604F19}.Release|Any CPU.ActiveCfg = Release|Any CPU
		{AFE28710-0BBB-462D-8EEA-7F9720604F19}.Release|Any CPU.Build.0 = Release|Any CPU
		{08CE91A2-8730-4D8D-B3AC-C2D3AB4549E0}.Debug|Any CPU.ActiveCfg = Debug|Any CPU
		{08CE91A2-8730-4D8D-B3AC-C2D3AB4549E0}.Debug|Any CPU.Build.0 = Debug|Any CPU
		{08CE91A2-8730-4D8D-B3AC-C2D3AB4549E0}.Release|Any CPU.ActiveCfg = Release|Any CPU
		{08CE91A2-8730-4D8D-B3AC-C2D3AB4549E0}.Release|Any CPU.Build.0 = Release|Any CPU
		{0FE26BFA-FBE5-48B6-A3BD-C4C58F986433}.Debug|Any CPU.ActiveCfg = Debug|Any CPU
		{0FE26BFA-FBE5-48B6-A3BD-C4C58F986433}.Debug|Any CPU.Build.0 = Debug|Any CPU
		{0FE26BFA-FBE5-48B6-A3BD-C4C58F986433}.Release|Any CPU.ActiveCfg = Release|Any CPU
		{0FE26BFA-FBE5-48B6-A3BD-C4C58F986433}.Release|Any CPU.Build.0 = Release|Any CPU
		{D8AA4401-7171-47E4-B383-0BB4D8BFB940}.Debug|Any CPU.ActiveCfg = Debug|Any CPU
		{D8AA4401-7171-47E4-B383-0BB4D8BFB940}.Debug|Any CPU.Build.0 = Debug|Any CPU
		{D8AA4401-7171-47E4-B383-0BB4D8BFB940}.Release|Any CPU.ActiveCfg = Release|Any CPU
		{D8AA4401-7171-47E4-B383-0BB4D8BFB940}.Release|Any CPU.Build.0 = Release|Any CPU
		{77412EE6-B65E-408D-99F3-5826EFE44B25}.Debug|Any CPU.ActiveCfg = Debug|Any CPU
		{77412EE6-B65E-408D-99F3-5826EFE44B25}.Debug|Any CPU.Build.0 = Debug|Any CPU
		{77412EE6-B65E-408D-99F3-5826EFE44B25}.Release|Any CPU.ActiveCfg = Release|Any CPU
		{77412EE6-B65E-408D-99F3-5826EFE44B25}.Release|Any CPU.Build.0 = Release|Any CPU
		{3D1CDC42-6D66-4EA9-B832-F2D5832E9A30}.Debug|Any CPU.ActiveCfg = Debug|Any CPU
		{3D1CDC42-6D66-4EA9-B832-F2D5832E9A30}.Debug|Any CPU.Build.0 = Debug|Any CPU
		{3D1CDC42-6D66-4EA9-B832-F2D5832E9A30}.Release|Any CPU.ActiveCfg = Release|Any CPU
		{3D1CDC42-6D66-4EA9-B832-F2D5832E9A30}.Release|Any CPU.Build.0 = Release|Any CPU
		{88070668-347A-4853-9BC9-A35B8C25BF3E}.Debug|Any CPU.ActiveCfg = Debug|Any CPU
		{88070668-347A-4853-9BC9-A35B8C25BF3E}.Debug|Any CPU.Build.0 = Debug|Any CPU
		{88070668-347A-4853-9BC9-A35B8C25BF3E}.Release|Any CPU.ActiveCfg = Release|Any CPU
		{88070668-347A-4853-9BC9-A35B8C25BF3E}.Release|Any CPU.Build.0 = Release|Any CPU
	EndGlobalSection
	GlobalSection(SolutionProperties) = preSolution
		HideSolutionNode = FALSE
	EndGlobalSection
	GlobalSection(NestedProjects) = preSolution
		{B2335736-4F05-4086-BEA1-F33930163B6C} = {AC34E993-49C2-4362-B9A6-2527AF0F0894}
		{6714B306-F015-47BD-8BDF-82B6F169FCE9} = {ADF45BDA-E34D-4D30-BA09-0EE66A6A3FE5}
		{8DDD9658-7145-409B-A49A-7D66F1FA4323} = {ADF45BDA-E34D-4D30-BA09-0EE66A6A3FE5}
		{AFE28710-0BBB-462D-8EEA-7F9720604F19} = {36385A94-0497-4A17-B55D-27EEEFEE81A9}
		{08CE91A2-8730-4D8D-B3AC-C2D3AB4549E0} = {B9CAD410-1B02-4AF4-AABD-5206972D6724}
		{0FE26BFA-FBE5-48B6-A3BD-C4C58F986433} = {B9CAD410-1B02-4AF4-AABD-5206972D6724}
		{D8AA4401-7171-47E4-B383-0BB4D8BFB940} = {3E497E5C-AE3F-4939-9D1C-13258351E360}
		{77412EE6-B65E-408D-99F3-5826EFE44B25} = {3E497E5C-AE3F-4939-9D1C-13258351E360}
		{3D1CDC42-6D66-4EA9-B832-F2D5832E9A30} = {18465E8C-C296-4100-9932-3EE6180F7235}
		{88070668-347A-4853-9BC9-A35B8C25BF3E} = {500E39E2-F1B4-4748-8E18-F71679D5F277}
	EndGlobalSection
	GlobalSection(ExtensibilityGlobals) = postSolution
		SolutionGuid = {8C7B9080-1E13-452D-AC34-319598A45311}
	EndGlobalSection
EndGlobal
